// !$*UTF8*$!
{
	archiveVersion = 1;
	classes = {
	};
	objectVersion = 50;
	objects = {

/* Begin PBXBuildFile section */
		452E741023DFA62300B8F5E1 /* AppDelegate.swift in Sources */ = {isa = PBXBuildFile; fileRef = 452E740F23DFA62300B8F5E1 /* AppDelegate.swift */; };
		452E741223DFA62300B8F5E1 /* SceneDelegate.swift in Sources */ = {isa = PBXBuildFile; fileRef = 452E741123DFA62300B8F5E1 /* SceneDelegate.swift */; };
		452E741423DFA62300B8F5E1 /* ViewController.swift in Sources */ = {isa = PBXBuildFile; fileRef = 452E741323DFA62300B8F5E1 /* ViewController.swift */; };
		452E741723DFA62300B8F5E1 /* Main.storyboard in Resources */ = {isa = PBXBuildFile; fileRef = 452E741523DFA62300B8F5E1 /* Main.storyboard */; };
		452E741923DFA62400B8F5E1 /* Assets.xcassets in Resources */ = {isa = PBXBuildFile; fileRef = 452E741823DFA62400B8F5E1 /* Assets.xcassets */; };
		452E741C23DFA62400B8F5E1 /* LaunchScreen.storyboard in Resources */ = {isa = PBXBuildFile; fileRef = 452E741A23DFA62400B8F5E1 /* LaunchScreen.storyboard */; };
		452E742723DFA62400B8F5E1 /* tippyTests.swift in Sources */ = {isa = PBXBuildFile; fileRef = 452E742623DFA62400B8F5E1 /* tippyTests.swift */; };
		452E743223DFA62400B8F5E1 /* tippyUITests.swift in Sources */ = {isa = PBXBuildFile; fileRef = 452E743123DFA62400B8F5E1 /* tippyUITests.swift */; };
/* End PBXBuildFile section */

/* Begin PBXContainerItemProxy section */
		452E742323DFA62400B8F5E1 /* PBXContainerItemProxy */ = {
			isa = PBXContainerItemProxy;
			containerPortal = 452E740423DFA62300B8F5E1 /* Project object */;
			proxyType = 1;
			remoteGlobalIDString = 452E740B23DFA62300B8F5E1;
			remoteInfo = tippy;
		};
		452E742E23DFA62400B8F5E1 /* PBXContainerItemProxy */ = {
			isa = PBXContainerItemProxy;
			containerPortal = 452E740423DFA62300B8F5E1 /* Project object */;
			proxyType = 1;
			remoteGlobalIDString = 452E740B23DFA62300B8F5E1;
			remoteInfo = tippy;
		};
/* End PBXContainerItemProxy section */

/* Begin PBXFileReference section */
		452E740C23DFA62300B8F5E1 /* tippy.app */ = {isa = PBXFileReference; explicitFileType = wrapper.application; includeInIndex = 0; path = tippy.app; sourceTree = BUILT_PRODUCTS_DIR; };
		452E740F23DFA62300B8F5E1 /* AppDelegate.swift */ = {isa = PBXFileReference; lastKnownFileType = sourcecode.swift; path = AppDelegate.swift; sourceTree = "<group>"; };
		452E741123DFA62300B8F5E1 /* SceneDelegate.swift */ = {isa = PBXFileReference; lastKnownFileType = sourcecode.swift; path = SceneDelegate.swift; sourceTree = "<group>"; };
		452E741323DFA62300B8F5E1 /* ViewController.swift */ = {isa = PBXFileReference; lastKnownFileType = sourcecode.swift; path = ViewController.swift; sourceTree = "<group>"; };
		452E741623DFA62300B8F5E1 /* Base */ = {isa = PBXFileReference; lastKnownFileType = file.storyboard; name = Base; path = Base.lproj/Main.storyboard; sourceTree = "<group>"; };
		452E741823DFA62400B8F5E1 /* Assets.xcassets */ = {isa = PBXFileReference; lastKnownFileType = folder.assetcatalog; path = Assets.xcassets; sourceTree = "<group>"; };
		452E741B23DFA62400B8F5E1 /* Base */ = {isa = PBXFileReference; lastKnownFileType = file.storyboard; name = Base; path = Base.lproj/LaunchScreen.storyboard; sourceTree = "<group>"; };
		452E741D23DFA62400B8F5E1 /* Info.plist */ = {isa = PBXFileReference; lastKnownFileType = text.plist.xml; path = Info.plist; sourceTree = "<group>"; };
		452E742223DFA62400B8F5E1 /* tippyTests.xctest */ = {isa = PBXFileReference; explicitFileType = wrapper.cfbundle; includeInIndex = 0; path = tippyTests.xctest; sourceTree = BUILT_PRODUCTS_DIR; };
		452E742623DFA62400B8F5E1 /* tippyTests.swift */ = {isa = PBXFileReference; lastKnownFileType = sourcecode.swift; path = tippyTests.swift; sourceTree = "<group>"; };
		452E742823DFA62400B8F5E1 /* Info.plist */ = {isa = PBXFileReference; lastKnownFileType = text.plist.xml; path = Info.plist; sourceTree = "<group>"; };
		452E742D23DFA62400B8F5E1 /* tippyUITests.xctest */ = {isa = PBXFileReference; explicitFileType = wrapper.cfbundle; includeInIndex = 0; path = tippyUITests.xctest; sourceTree = BUILT_PRODUCTS_DIR; };
		452E743123DFA62400B8F5E1 /* tippyUITests.swift */ = {isa = PBXFileReference; lastKnownFileType = sourcecode.swift; path = tippyUITests.swift; sourceTree = "<group>"; };
		452E743323DFA62400B8F5E1 /* Info.plist */ = {isa = PBXFileReference; lastKnownFileType = text.plist.xml; path = Info.plist; sourceTree = "<group>"; };
/* End PBXFileReference section */

/* Begin PBXFrameworksBuildPhase section */
		452E740923DFA62300B8F5E1 /* Frameworks */ = {
			isa = PBXFrameworksBuildPhase;
			buildActionMask = 2147483647;
			files = (
			);
			runOnlyForDeploymentPostprocessing = 0;
		};
		452E741F23DFA62400B8F5E1 /* Frameworks */ = {
			isa = PBXFrameworksBuildPhase;
			buildActionMask = 2147483647;
			files = (
			);
			runOnlyForDeploymentPostprocessing = 0;
		};
		452E742A23DFA62400B8F5E1 /* Frameworks */ = {
			isa = PBXFrameworksBuildPhase;
			buildActionMask = 2147483647;
			files = (
			);
			runOnlyForDeploymentPostprocessing = 0;
		};
/* End PBXFrameworksBuildPhase section */

/* Begin PBXGroup section */
		452E740323DFA62300B8F5E1 = {
			isa = PBXGroup;
			children = (
				452E740E23DFA62300B8F5E1 /* tippy */,
				452E742523DFA62400B8F5E1 /* tippyTests */,
				452E743023DFA62400B8F5E1 /* tippyUITests */,
				452E740D23DFA62300B8F5E1 /* Products */,
			);
			sourceTree = "<group>";
		};
		452E740D23DFA62300B8F5E1 /* Products */ = {
			isa = PBXGroup;
			children = (
				452E740C23DFA62300B8F5E1 /* tippy.app */,
				452E742223DFA62400B8F5E1 /* tippyTests.xctest */,
				452E742D23DFA62400B8F5E1 /* tippyUITests.xctest */,
			);
			name = Products;
			sourceTree = "<group>";
		};
		452E740E23DFA62300B8F5E1 /* tippy */ = {
			isa = PBXGroup;
			children = (
				452E740F23DFA62300B8F5E1 /* AppDelegate.swift */,
				452E741123DFA62300B8F5E1 /* SceneDelegate.swift */,
				452E741323DFA62300B8F5E1 /* ViewController.swift */,
				452E741523DFA62300B8F5E1 /* Main.storyboard */,
				452E741823DFA62400B8F5E1 /* Assets.xcassets */,
				452E741A23DFA62400B8F5E1 /* LaunchScreen.storyboard */,
				452E741D23DFA62400B8F5E1 /* Info.plist */,
			);
			path = tippy;
			sourceTree = "<group>";
		};
		452E742523DFA62400B8F5E1 /* tippyTests */ = {
			isa = PBXGroup;
			children = (
				452E742623DFA62400B8F5E1 /* tippyTests.swift */,
				452E742823DFA62400B8F5E1 /* Info.plist */,
			);
			path = tippyTests;
			sourceTree = "<group>";
		};
		452E743023DFA62400B8F5E1 /* tippyUITests */ = {
			isa = PBXGroup;
			children = (
				452E743123DFA62400B8F5E1 /* tippyUITests.swift */,
				452E743323DFA62400B8F5E1 /* Info.plist */,
			);
			path = tippyUITests;
			sourceTree = "<group>";
		};
/* End PBXGroup section */

/* Begin PBXNativeTarget section */
		452E740B23DFA62300B8F5E1 /* tippy */ = {
			isa = PBXNativeTarget;
			buildConfigurationList = 452E743623DFA62400B8F5E1 /* Build configuration list for PBXNativeTarget "tippy" */;
			buildPhases = (
				452E740823DFA62300B8F5E1 /* Sources */,
				452E740923DFA62300B8F5E1 /* Frameworks */,
				452E740A23DFA62300B8F5E1 /* Resources */,
			);
			buildRules = (
			);
			dependencies = (
			);
			name = tippy;
			productName = tippy;
			productReference = 452E740C23DFA62300B8F5E1 /* tippy.app */;
			productType = "com.apple.product-type.application";
		};
		452E742123DFA62400B8F5E1 /* tippyTests */ = {
			isa = PBXNativeTarget;
			buildConfigurationList = 452E743923DFA62400B8F5E1 /* Build configuration list for PBXNativeTarget "tippyTests" */;
			buildPhases = (
				452E741E23DFA62400B8F5E1 /* Sources */,
				452E741F23DFA62400B8F5E1 /* Frameworks */,
				452E742023DFA62400B8F5E1 /* Resources */,
			);
			buildRules = (
			);
			dependencies = (
				452E742423DFA62400B8F5E1 /* PBXTargetDependency */,
			);
			name = tippyTests;
			productName = tippyTests;
			productReference = 452E742223DFA62400B8F5E1 /* tippyTests.xctest */;
			productType = "com.apple.product-type.bundle.unit-test";
		};
		452E742C23DFA62400B8F5E1 /* tippyUITests */ = {
			isa = PBXNativeTarget;
			buildConfigurationList = 452E743C23DFA62400B8F5E1 /* Build configuration list for PBXNativeTarget "tippyUITests" */;
			buildPhases = (
				452E742923DFA62400B8F5E1 /* Sources */,
				452E742A23DFA62400B8F5E1 /* Frameworks */,
				452E742B23DFA62400B8F5E1 /* Resources */,
			);
			buildRules = (
			);
			dependencies = (
				452E742F23DFA62400B8F5E1 /* PBXTargetDependency */,
			);
			name = tippyUITests;
			productName = tippyUITests;
			productReference = 452E742D23DFA62400B8F5E1 /* tippyUITests.xctest */;
			productType = "com.apple.product-type.bundle.ui-testing";
		};
/* End PBXNativeTarget section */

/* Begin PBXProject section */
		452E740423DFA62300B8F5E1 /* Project object */ = {
			isa = PBXProject;
			attributes = {
				LastSwiftUpdateCheck = 1130;
				LastUpgradeCheck = 1130;
				ORGANIZATIONNAME = "Yazmin Carrillo";
				TargetAttributes = {
					452E740B23DFA62300B8F5E1 = {
						CreatedOnToolsVersion = 11.3.1;
					};
					452E742123DFA62400B8F5E1 = {
						CreatedOnToolsVersion = 11.3.1;
						TestTargetID = 452E740B23DFA62300B8F5E1;
					};
					452E742C23DFA62400B8F5E1 = {
						CreatedOnToolsVersion = 11.3.1;
						TestTargetID = 452E740B23DFA62300B8F5E1;
					};
				};
			};
			buildConfigurationList = 452E740723DFA62300B8F5E1 /* Build configuration list for PBXProject "tippy" */;
			compatibilityVersion = "Xcode 9.3";
			developmentRegion = en;
			hasScannedForEncodings = 0;
			knownRegions = (
				en,
				Base,
			);
			mainGroup = 452E740323DFA62300B8F5E1;
			productRefGroup = 452E740D23DFA62300B8F5E1 /* Products */;
			projectDirPath = "";
			projectRoot = "";
			targets = (
				452E740B23DFA62300B8F5E1 /* tippy */,
				452E742123DFA62400B8F5E1 /* tippyTests */,
				452E742C23DFA62400B8F5E1 /* tippyUITests */,
			);
		};
/* End PBXProject section */

/* Begin PBXResourcesBuildPhase section */
		452E740A23DFA62300B8F5E1 /* Resources */ = {
			isa = PBXResourcesBuildPhase;
			buildActionMask = 2147483647;
			files = (
				452E741C23DFA62400B8F5E1 /* LaunchScreen.storyboard in Resources */,
				452E741923DFA62400B8F5E1 /* Assets.xcassets in Resources */,
				452E741723DFA62300B8F5E1 /* Main.storyboard in Resources */,
			);
			runOnlyForDeploymentPostprocessing = 0;
		};
		452E742023DFA62400B8F5E1 /* Resources */ = {
			isa = PBXResourcesBuildPhase;
			buildActionMask = 2147483647;
			files = (
			);
			runOnlyForDeploymentPostprocessing = 0;
		};
		452E742B23DFA62400B8F5E1 /* Resources */ = {
			isa = PBXResourcesBuildPhase;
			buildActionMask = 2147483647;
			files = (
			);
			runOnlyForDeploymentPostprocessing = 0;
		};
/* End PBXResourcesBuildPhase section */

/* Begin PBXSourcesBuildPhase section */
		452E740823DFA62300B8F5E1 /* Sources */ = {
			isa = PBXSourcesBuildPhase;
			buildActionMask = 2147483647;
			files = (
				452E741423DFA62300B8F5E1 /* ViewController.swift in Sources */,
				452E741023DFA62300B8F5E1 /* AppDelegate.swift in Sources */,
				452E741223DFA62300B8F5E1 /* SceneDelegate.swift in Sources */,
			);
			runOnlyForDeploymentPostprocessing = 0;
		};
		452E741E23DFA62400B8F5E1 /* Sources */ = {
			isa = PBXSourcesBuildPhase;
			buildActionMask = 2147483647;
			files = (
				452E742723DFA62400B8F5E1 /* tippyTests.swift in Sources */,
			);
			runOnlyForDeploymentPostprocessing = 0;
		};
		452E742923DFA62400B8F5E1 /* Sources */ = {
			isa = PBXSourcesBuildPhase;
			buildActionMask = 2147483647;
			files = (
				452E743223DFA62400B8F5E1 /* tippyUITests.swift in Sources */,
			);
			runOnlyForDeploymentPostprocessing = 0;
		};
/* End PBXSourcesBuildPhase section */

/* Begin PBXTargetDependency section */
		452E742423DFA62400B8F5E1 /* PBXTargetDependency */ = {
			isa = PBXTargetDependency;
			target = 452E740B23DFA62300B8F5E1 /* tippy */;
			targetProxy = 452E742323DFA62400B8F5E1 /* PBXContainerItemProxy */;
		};
		452E742F23DFA62400B8F5E1 /* PBXTargetDependency */ = {
			isa = PBXTargetDependency;
			target = 452E740B23DFA62300B8F5E1 /* tippy */;
			targetProxy = 452E742E23DFA62400B8F5E1 /* PBXContainerItemProxy */;
		};
/* End PBXTargetDependency section */

/* Begin PBXVariantGroup section */
		452E741523DFA62300B8F5E1 /* Main.storyboard */ = {
			isa = PBXVariantGroup;
			children = (
				452E741623DFA62300B8F5E1 /* Base */,
			);
			name = Main.storyboard;
			sourceTree = "<group>";
		};
		452E741A23DFA62400B8F5E1 /* LaunchScreen.storyboard */ = {
			isa = PBXVariantGroup;
			children = (
				452E741B23DFA62400B8F5E1 /* Base */,
			);
			name = LaunchScreen.storyboard;
			sourceTree = "<group>";
		};
/* End PBXVariantGroup section */

/* Begin XCBuildConfiguration section */
		452E743423DFA62400B8F5E1 /* Debug */ = {
			isa = XCBuildConfiguration;
			buildSettings = {
				ALWAYS_SEARCH_USER_PATHS = NO;
				CLANG_ANALYZER_NONNULL = YES;
				CLANG_ANALYZER_NUMBER_OBJECT_CONVERSION = YES_AGGRESSIVE;
				CLANG_CXX_LANGUAGE_STANDARD = "gnu++14";
				CLANG_CXX_LIBRARY = "libc++";
				CLANG_ENABLE_MODULES = YES;
				CLANG_ENABLE_OBJC_ARC = YES;
				CLANG_ENABLE_OBJC_WEAK = YES;
				CLANG_WARN_BLOCK_CAPTURE_AUTORELEASING = YES;
				CLANG_WARN_BOOL_CONVERSION = YES;
				CLANG_WARN_COMMA = YES;
				CLANG_WARN_CONSTANT_CONVERSION = YES;
				CLANG_WARN_DEPRECATED_OBJC_IMPLEMENTATIONS = YES;
				CLANG_WARN_DIRECT_OBJC_ISA_USAGE = YES_ERROR;
				CLANG_WARN_DOCUMENTATION_COMMENTS = YES;
				CLANG_WARN_EMPTY_BODY = YES;
				CLANG_WARN_ENUM_CONVERSION = YES;
				CLANG_WARN_INFINITE_RECURSION = YES;
				CLANG_WARN_INT_CONVERSION = YES;
				CLANG_WARN_NON_LITERAL_NULL_CONVERSION = YES;
				CLANG_WARN_OBJC_IMPLICIT_RETAIN_SELF = YES;
				CLANG_WARN_OBJC_LITERAL_CONVERSION = YES;
				CLANG_WARN_OBJC_ROOT_CLASS = YES_ERROR;
				CLANG_WARN_RANGE_LOOP_ANALYSIS = YES;
				CLANG_WARN_STRICT_PROTOTYPES = YES;
				CLANG_WARN_SUSPICIOUS_MOVE = YES;
				CLANG_WARN_UNGUARDED_AVAILABILITY = YES_AGGRESSIVE;
				CLANG_WARN_UNREACHABLE_CODE = YES;
				CLANG_WARN__DUPLICATE_METHOD_MATCH = YES;
				COPY_PHASE_STRIP = NO;
				DEBUG_INFORMATION_FORMAT = dwarf;
				ENABLE_STRICT_OBJC_MSGSEND = YES;
				ENABLE_TESTABILITY = YES;
				GCC_C_LANGUAGE_STANDARD = gnu11;
				GCC_DYNAMIC_NO_PIC = NO;
				GCC_NO_COMMON_BLOCKS = YES;
				GCC_OPTIMIZATION_LEVEL = 0;
				GCC_PREPROCESSOR_DEFINITIONS = (
					"DEBUG=1",
					"$(inherited)",
				);
				GCC_WARN_64_TO_32_BIT_CONVERSION = YES;
				GCC_WARN_ABOUT_RETURN_TYPE = YES_ERROR;
				GCC_WARN_UNDECLARED_SELECTOR = YES;
				GCC_WARN_UNINITIALIZED_AUTOS = YES_AGGRESSIVE;
				GCC_WARN_UNUSED_FUNCTION = YES;
				GCC_WARN_UNUSED_VARIABLE = YES;
				IPHONEOS_DEPLOYMENT_TARGET = 13.2;
				MTL_ENABLE_DEBUG_INFO = INCLUDE_SOURCE;
				MTL_FAST_MATH = YES;
				ONLY_ACTIVE_ARCH = YES;
				SDKROOT = iphoneos;
				SWIFT_ACTIVE_COMPILATION_CONDITIONS = DEBUG;
				SWIFT_OPTIMIZATION_LEVEL = "-Onone";
			};
			name = Debug;
		};
		452E743523DFA62400B8F5E1 /* Release */ = {
			isa = XCBuildConfiguration;
			buildSettings = {
				ALWAYS_SEARCH_USER_PATHS = NO;
				CLANG_ANALYZER_NONNULL = YES;
				CLANG_ANALYZER_NUMBER_OBJECT_CONVERSION = YES_AGGRESSIVE;
				CLANG_CXX_LANGUAGE_STANDARD = "gnu++14";
				CLANG_CXX_LIBRARY = "libc++";
				CLANG_ENABLE_MODULES = YES;
				CLANG_ENABLE_OBJC_ARC = YES;
				CLANG_ENABLE_OBJC_WEAK = YES;
				CLANG_WARN_BLOCK_CAPTURE_AUTORELEASING = YES;
				CLANG_WARN_BOOL_CONVERSION = YES;
				CLANG_WARN_COMMA = YES;
				CLANG_WARN_CONSTANT_CONVERSION = YES;
				CLANG_WARN_DEPRECATED_OBJC_IMPLEMENTATIONS = YES;
				CLANG_WARN_DIRECT_OBJC_ISA_USAGE = YES_ERROR;
				CLANG_WARN_DOCUMENTATION_COMMENTS = YES;
				CLANG_WARN_EMPTY_BODY = YES;
				CLANG_WARN_ENUM_CONVERSION = YES;
				CLANG_WARN_INFINITE_RECURSION = YES;
				CLANG_WARN_INT_CONVERSION = YES;
				CLANG_WARN_NON_LITERAL_NULL_CONVERSION = YES;
				CLANG_WARN_OBJC_IMPLICIT_RETAIN_SELF = YES;
				CLANG_WARN_OBJC_LITERAL_CONVERSION = YES;
				CLANG_WARN_OBJC_ROOT_CLASS = YES_ERROR;
				CLANG_WARN_RANGE_LOOP_ANALYSIS = YES;
				CLANG_WARN_STRICT_PROTOTYPES = YES;
				CLANG_WARN_SUSPICIOUS_MOVE = YES;
				CLANG_WARN_UNGUARDED_AVAILABILITY = YES_AGGRESSIVE;
				CLANG_WARN_UNREACHABLE_CODE = YES;
				CLANG_WARN__DUPLICATE_METHOD_MATCH = YES;
				COPY_PHASE_STRIP = NO;
				DEBUG_INFORMATION_FORMAT = "dwarf-with-dsym";
				ENABLE_NS_ASSERTIONS = NO;
				ENABLE_STRICT_OBJC_MSGSEND = YES;
				GCC_C_LANGUAGE_STANDARD = gnu11;
				GCC_NO_COMMON_BLOCKS = YES;
				GCC_WARN_64_TO_32_BIT_CONVERSION = YES;
				GCC_WARN_ABOUT_RETURN_TYPE = YES_ERROR;
				GCC_WARN_UNDECLARED_SELECTOR = YES;
				GCC_WARN_UNINITIALIZED_AUTOS = YES_AGGRESSIVE;
				GCC_WARN_UNUSED_FUNCTION = YES;
				GCC_WARN_UNUSED_VARIABLE = YES;
				IPHONEOS_DEPLOYMENT_TARGET = 13.2;
				MTL_ENABLE_DEBUG_INFO = NO;
				MTL_FAST_MATH = YES;
				SDKROOT = iphoneos;
				SWIFT_COMPILATION_MODE = wholemodule;
				SWIFT_OPTIMIZATION_LEVEL = "-O";
				VALIDATE_PRODUCT = YES;
			};
			name = Release;
		};
		452E743723DFA62400B8F5E1 /* Debug */ = {
			isa = XCBuildConfiguration;
			buildSettings = {
				ASSETCATALOG_COMPILER_APPICON_NAME = AppIcon;
				CODE_SIGN_IDENTITY = "Apple Development";
				CODE_SIGN_STYLE = Automatic;
				DEVELOPMENT_TEAM = 34Z8HRUM4W;
				INFOPLIST_FILE = tippy/Info.plist;
				LD_RUNPATH_SEARCH_PATHS = (
					"$(inherited)",
					"@executable_path/Frameworks",
				);
				PRODUCT_BUNDLE_IDENTIFIER = com.codepath.tippy;
				PRODUCT_NAME = "$(TARGET_NAME)";
				PROVISIONING_PROFILE_SPECIFIER = "";
				SWIFT_VERSION = 5.0;
				TARGETED_DEVICE_FAMILY = "1,2";
			};
			name = Debug;
		};
		452E743823DFA62400B8F5E1 /* Release */ = {
			isa = XCBuildConfiguration;
			buildSettings = {
				ASSETCATALOG_COMPILER_APPICON_NAME = AppIcon;
				CODE_SIGN_IDENTITY = "Apple Development";
				CODE_SIGN_STYLE = Automatic;
				DEVELOPMENT_TEAM = 34Z8HRUM4W;
				INFOPLIST_FILE = tippy/Info.plist;
				LD_RUNPATH_SEARCH_PATHS = (
					"$(inherited)",
					"@executable_path/Frameworks",
				);
				PRODUCT_BUNDLE_IDENTIFIER = com.codepath.tippy;
				PRODUCT_NAME = "$(TARGET_NAME)";
				PROVISIONING_PROFILE_SPECIFIER = "";
				SWIFT_VERSION = 5.0;
				TARGETED_DEVICE_FAMILY = "1,2";
			};
			name = Release;
		};
		452E743A23DFA62400B8F5E1 /* Debug */ = {
			isa = XCBuildConfiguration;
			buildSettings = {
				ALWAYS_EMBED_SWIFT_STANDARD_LIBRARIES = YES;
				BUNDLE_LOADER = "$(TEST_HOST)";
				CODE_SIGN_STYLE = Automatic;
				DEVELOPMENT_TEAM = 34Z8HRUM4W;
				INFOPLIST_FILE = tippyTests/Info.plist;
				IPHONEOS_DEPLOYMENT_TARGET = 13.2;
				LD_RUNPATH_SEARCH_PATHS = (
					"$(inherited)",
					"@executable_path/Frameworks",
					"@loader_path/Frameworks",
				);
				PRODUCT_BUNDLE_IDENTIFIER = com.codepath.tippyTests;
				PRODUCT_NAME = "$(TARGET_NAME)";
				SWIFT_VERSION = 5.0;
				TARGETED_DEVICE_FAMILY = "1,2";
				TEST_HOST = "$(BUILT_PRODUCTS_DIR)/tippy.app/tippy";
			};
			name = Debug;
		};
		452E743B23DFA62400B8F5E1 /* Release */ = {
			isa = XCBuildConfiguration;
			buildSettings = {
				ALWAYS_EMBED_SWIFT_STANDARD_LIBRARIES = YES;
				BUNDLE_LOADER = "$(TEST_HOST)";
				CODE_SIGN_STYLE = Automatic;
				DEVELOPMENT_TEAM = 34Z8HRUM4W;
				INFOPLIST_FILE = tippyTests/Info.plist;
				IPHONEOS_DEPLOYMENT_TARGET = 13.2;
				LD_RUNPATH_SEARCH_PATHS = (
					"$(inherited)",
					"@executable_path/Frameworks",
					"@loader_path/Frameworks",
				);
				PRODUCT_BUNDLE_IDENTIFIER = com.codepath.tippyTests;
				PRODUCT_NAME = "$(TARGET_NAME)";
				SWIFT_VERSION = 5.0;
				TARGETED_DEVICE_FAMILY = "1,2";
				TEST_HOST = "$(BUILT_PRODUCTS_DIR)/tippy.app/tippy";
			};
			name = Release;
		};
		452E743D23DFA62400B8F5E1 /* Debug */ = {
			isa = XCBuildConfiguration;
			buildSettings = {
				ALWAYS_EMBED_SWIFT_STANDARD_LIBRARIES = YES;
				CODE_SIGN_STYLE = Automatic;
				DEVELOPMENT_TEAM = 34Z8HRUM4W;
				INFOPLIST_FILE = tippyUITests/Info.plist;
				LD_RUNPATH_SEARCH_PATHS = (
					"$(inherited)",
					"@executable_path/Frameworks",
					"@loader_path/Frameworks",
				);
				PRODUCT_BUNDLE_IDENTIFIER = com.codepath.tippyUITests;
				PRODUCT_NAME = "$(TARGET_NAME)";
				SWIFT_VERSION = 5.0;
				TARGETED_DEVICE_FAMILY = "1,2";
				TEST_TARGET_NAME = tippy;
			};
			name = Debug;
		};
		452E743E23DFA62400B8F5E1 /* Release */ = {
			isa = XCBuildConfiguration;
			buildSettings = {
				ALWAYS_EMBED_SWIFT_STANDARD_LIBRARIES = YES;
				CODE_SIGN_STYLE = Automatic;
				DEVELOPMENT_TEAM = 34Z8HRUM4W;
				INFOPLIST_FILE = tippyUITests/Info.plist;
				LD_RUNPATH_SEARCH_PATHS = (
					"$(inherited)",
					"@executable_path/Frameworks",
					"@loader_path/Frameworks",
				);
				PRODUCT_BUNDLE_IDENTIFIER = com.codepath.tippyUITests;
				PRODUCT_NAME = "$(TARGET_NAME)";
				SWIFT_VERSION = 5.0;
				TARGETED_DEVICE_FAMILY = "1,2";
				TEST_TARGET_NAME = tippy;
			};
			name = Release;
		};
/* End XCBuildConfiguration section */

/* Begin XCConfigurationList section */
		452E740723DFA62300B8F5E1 /* Build configuration list for PBXProject "tippy" */ = {
			isa = XCConfigurationList;
			buildConfigurations = (
				452E743423DFA62400B8F5E1 /* Debug */,
				452E743523DFA62400B8F5E1 /* Release */,
			);
			defaultConfigurationIsVisible = 0;
			defaultConfigurationName = Release;
		};
		452E743623DFA62400B8F5E1 /* Build configuration list for PBXNativeTarget "tippy" */ = {
			isa = XCConfigurationList;
			buildConfigurations = (
				452E743723DFA62400B8F5E1 /* Debug */,
				452E743823DFA62400B8F5E1 /* Release */,
			);
			defaultConfigurationIsVisible = 0;
			defaultConfigurationName = Release;
		};
		452E743923DFA62400B8F5E1 /* Build configuration list for PBXNativeTarget "tippyTests" */ = {
			isa = XCConfigurationList;
			buildConfigurations = (
				452E743A23DFA62400B8F5E1 /* Debug */,
				452E743B23DFA62400B8F5E1 /* Release */,
			);
			defaultConfigurationIsVisible = 0;
			defaultConfigurationName = Release;
		};
		452E743C23DFA62400B8F5E1 /* Build configuration list for PBXNativeTarget "tippyUITests" */ = {
			isa = XCConfigurationList;
			buildConfigurations = (
				452E743D23DFA62400B8F5E1 /* Debug */,
				452E743E23DFA62400B8F5E1 /* Release */,
			);
			defaultConfigurationIsVisible = 0;
			defaultConfigurationName = Release;
		};
/* End XCConfigurationList section */
	};
	rootObject = 452E740423DFA62300B8F5E1 /* Project object */;
}
